// !$*UTF8*$!
{
	archiveVersion = 1;
	classes = {
	};
	objectVersion = 46;
	objects = {

/* Begin PBXBuildFile section */
		074392881BA3F7E700203A91 /* Security.framework in Frameworks */ = {isa = PBXBuildFile; fileRef = 074392871BA3F7E700203A91 /* Security.framework */; };
		0743928A1BA3F7F100203A91 /* SystemConfiguration.framework in Frameworks */ = {isa = PBXBuildFile; fileRef = 074392891BA3F7F100203A91 /* SystemConfiguration.framework */; };
		074392A31BA3FFCF00203A91 /* contactViewController.m in Sources */ = {isa = PBXBuildFile; fileRef = 074392A21BA3FFCF00203A91 /* contactViewController.m */; };
		074392AF1BA4C16500203A91 /* contactPageViewController.m in Sources */ = {isa = PBXBuildFile; fileRef = 074392AE1BA4C16500203A91 /* contactPageViewController.m */; };
		074392C41BA4EE4500203A91 /* JTSAnimatedGIFUtility.m in Sources */ = {isa = PBXBuildFile; fileRef = 074392B91BA4EE4500203A91 /* JTSAnimatedGIFUtility.m */; };
		074392C51BA4EE4500203A91 /* JTSImageInfo.m in Sources */ = {isa = PBXBuildFile; fileRef = 074392BB1BA4EE4500203A91 /* JTSImageInfo.m */; };
		074392C61BA4EE4500203A91 /* JTSImageViewController.m in Sources */ = {isa = PBXBuildFile; fileRef = 074392BD1BA4EE4500203A91 /* JTSImageViewController.m */; };
		074392C71BA4EE4500203A91 /* JTSSimpleImageDownloader.m in Sources */ = {isa = PBXBuildFile; fileRef = 074392BF1BA4EE4500203A91 /* JTSSimpleImageDownloader.m */; };
		074392C81BA4EE4500203A91 /* UIApplication+JTSImageViewController.m in Sources */ = {isa = PBXBuildFile; fileRef = 074392C11BA4EE4500203A91 /* UIApplication+JTSImageViewController.m */; };
		074392C91BA4EE4500203A91 /* UIImage+JTSImageEffects.m in Sources */ = {isa = PBXBuildFile; fileRef = 074392C31BA4EE4500203A91 /* UIImage+JTSImageEffects.m */; };
		074392CD1BA4FBF800203A91 /* imagesViewController2.m in Sources */ = {isa = PBXBuildFile; fileRef = 074392CC1BA4FBF800203A91 /* imagesViewController2.m */; };
		074392FE1BA528D700203A91 /* home.png in Resources */ = {isa = PBXBuildFile; fileRef = 074392FD1BA528D700203A91 /* home.png */; };
		074393001BA529EA00203A91 /* Messageme.png in Resources */ = {isa = PBXBuildFile; fileRef = 074392FF1BA529EA00203A91 /* Messageme.png */; };
		074393031BA52F3600203A91 /* messageViewController.m in Sources */ = {isa = PBXBuildFile; fileRef = 074393021BA52F3600203A91 /* messageViewController.m */; };
		074393051BA5317100203A91 /* Pizza.png in Resources */ = {isa = PBXBuildFile; fileRef = 074393041BA5317100203A91 /* Pizza.png */; };
		074393091BA5321100203A91 /* Dumpling.png in Resources */ = {isa = PBXBuildFile; fileRef = 074393061BA5321100203A91 /* Dumpling.png */; };
		0743930A1BA5321100203A91 /* Generaltso.png in Resources */ = {isa = PBXBuildFile; fileRef = 074393071BA5321100203A91 /* Generaltso.png */; };
		0743930B1BA5321100203A91 /* mapotofu.png in Resources */ = {isa = PBXBuildFile; fileRef = 074393081BA5321100203A91 /* mapotofu.png */; };
		0743930F1BA5334700203A91 /* chickenalone.png in Resources */ = {isa = PBXBuildFile; fileRef = 0743930C1BA5334700203A91 /* chickenalone.png */; };
		074393101BA5334700203A91 /* pizzaalone.png in Resources */ = {isa = PBXBuildFile; fileRef = 0743930D1BA5334700203A91 /* pizzaalone.png */; };
		074393111BA5334700203A91 /* tofualone.png in Resources */ = {isa = PBXBuildFile; fileRef = 0743930E1BA5334700203A91 /* tofualone.png */; };
		074393131BA5336E00203A91 /* dumplingalone.png in Resources */ = {isa = PBXBuildFile; fileRef = 074393121BA5336E00203A91 /* dumplingalone.png */; };
		074393161BA5342D00203A91 /* greenoval.png in Resources */ = {isa = PBXBuildFile; fileRef = 074393141BA5342D00203A91 /* greenoval.png */; };
		074393171BA5342D00203A91 /* redoval.png in Resources */ = {isa = PBXBuildFile; fileRef = 074393151BA5342D00203A91 /* redoval.png */; };
		0743931A1BA534C900203A91 /* foodViewController.m in Sources */ = {isa = PBXBuildFile; fileRef = 074393191BA534C900203A91 /* foodViewController.m */; };
		074393211BA5358800203A91 /* chooseFoodViewController.m in Sources */ = {isa = PBXBuildFile; fileRef = 074393201BA5358800203A91 /* chooseFoodViewController.m */; };
		074393231BA5379E00203A91 /* Grace.png in Resources */ = {isa = PBXBuildFile; fileRef = 074393221BA5379E00203A91 /* Grace.png */; };
		074393261BA537BA00203A91 /* maidLandingPageViewController.m in Sources */ = {isa = PBXBuildFile; fileRef = 074393251BA537BA00203A91 /* maidLandingPageViewController.m */; };
		074393291BA5382D00203A91 /* Rectangle 257.png in Resources */ = {isa = PBXBuildFile; fileRef = 074393281BA5382D00203A91 /* Rectangle 257.png */; };
		0743932C1BA5449A00203A91 /* orderConfirmedViewController.m in Sources */ = {isa = PBXBuildFile; fileRef = 0743932B1BA5449A00203A91 /* orderConfirmedViewController.m */; };
		076D1B411BA3D25300415FF3 /* main.m in Sources */ = {isa = PBXBuildFile; fileRef = 076D1B401BA3D25300415FF3 /* main.m */; };
		076D1B441BA3D25300415FF3 /* AppDelegate.m in Sources */ = {isa = PBXBuildFile; fileRef = 076D1B431BA3D25300415FF3 /* AppDelegate.m */; };
		076D1B471BA3D25300415FF3 /* ViewController.m in Sources */ = {isa = PBXBuildFile; fileRef = 076D1B461BA3D25300415FF3 /* ViewController.m */; };
		076D1B4A1BA3D25300415FF3 /* Main.storyboard in Resources */ = {isa = PBXBuildFile; fileRef = 076D1B481BA3D25300415FF3 /* Main.storyboard */; };
		076D1B4C1BA3D25300415FF3 /* Images.xcassets in Resources */ = {isa = PBXBuildFile; fileRef = 076D1B4B1BA3D25300415FF3 /* Images.xcassets */; };
		076D1B4F1BA3D25300415FF3 /* LaunchScreen.xib in Resources */ = {isa = PBXBuildFile; fileRef = 076D1B4D1BA3D25300415FF3 /* LaunchScreen.xib */; };
		076D1B5B1BA3D25300415FF3 /* Jerry_Tests.m in Sources */ = {isa = PBXBuildFile; fileRef = 076D1B5A1BA3D25300415FF3 /* Jerry_Tests.m */; };
		4E97FF2C4688AECD3628A065 /* libPods.a in Frameworks */ = {isa = PBXBuildFile; fileRef = DC73D8A86DFD4AE7218C4A73 /* libPods.a */; };
/* End PBXBuildFile section */

/* Begin PBXContainerItemProxy section */
		076D1B551BA3D25300415FF3 /* PBXContainerItemProxy */ = {
			isa = PBXContainerItemProxy;
			containerPortal = 076D1B331BA3D25300415FF3 /* Project object */;
			proxyType = 1;
			remoteGlobalIDString = 076D1B3A1BA3D25300415FF3;
			remoteInfo = "Jerry!";
		};
/* End PBXContainerItemProxy section */

/* Begin PBXFileReference section */
		0134D66E3F91D895CAEB930C /* Pods.debug.xcconfig */ = {isa = PBXFileReference; includeInIndex = 1; lastKnownFileType = text.xcconfig; name = Pods.debug.xcconfig; path = "Pods/Target Support Files/Pods/Pods.debug.xcconfig"; sourceTree = "<group>"; };
		074392871BA3F7E700203A91 /* Security.framework */ = {isa = PBXFileReference; lastKnownFileType = wrapper.framework; name = Security.framework; path = System/Library/Frameworks/Security.framework; sourceTree = SDKROOT; };
		074392891BA3F7F100203A91 /* SystemConfiguration.framework */ = {isa = PBXFileReference; lastKnownFileType = wrapper.framework; name = SystemConfiguration.framework; path = System/Library/Frameworks/SystemConfiguration.framework; sourceTree = SDKROOT; };
		074392A11BA3FFCF00203A91 /* contactViewController.h */ = {isa = PBXFileReference; fileEncoding = 4; lastKnownFileType = sourcecode.c.h; name = contactViewController.h; path = ../contactViewController.h; sourceTree = "<group>"; };
		074392A21BA3FFCF00203A91 /* contactViewController.m */ = {isa = PBXFileReference; fileEncoding = 4; lastKnownFileType = sourcecode.c.objc; name = contactViewController.m; path = ../contactViewController.m; sourceTree = "<group>"; };
		074392AD1BA4C16500203A91 /* contactPageViewController.h */ = {isa = PBXFileReference; fileEncoding = 4; lastKnownFileType = sourcecode.c.h; name = contactPageViewController.h; path = ../contactPageViewController.h; sourceTree = "<group>"; };
		074392AE1BA4C16500203A91 /* contactPageViewController.m */ = {isa = PBXFileReference; fileEncoding = 4; lastKnownFileType = sourcecode.c.objc; name = contactPageViewController.m; path = ../contactPageViewController.m; sourceTree = "<group>"; };
		074392B81BA4EE4500203A91 /* JTSAnimatedGIFUtility.h */ = {isa = PBXFileReference; fileEncoding = 4; lastKnownFileType = sourcecode.c.h; name = JTSAnimatedGIFUtility.h; path = ../../JTSImageViewController/Source/JTSAnimatedGIFUtility.h; sourceTree = "<group>"; };
		074392B91BA4EE4500203A91 /* JTSAnimatedGIFUtility.m */ = {isa = PBXFileReference; fileEncoding = 4; lastKnownFileType = sourcecode.c.objc; name = JTSAnimatedGIFUtility.m; path = ../../JTSImageViewController/Source/JTSAnimatedGIFUtility.m; sourceTree = "<group>"; };
		074392BA1BA4EE4500203A91 /* JTSImageInfo.h */ = {isa = PBXFileReference; fileEncoding = 4; lastKnownFileType = sourcecode.c.h; name = JTSImageInfo.h; path = ../../JTSImageViewController/Source/JTSImageInfo.h; sourceTree = "<group>"; };
		074392BB1BA4EE4500203A91 /* JTSImageInfo.m */ = {isa = PBXFileReference; fileEncoding = 4; lastKnownFileType = sourcecode.c.objc; name = JTSImageInfo.m; path = ../../JTSImageViewController/Source/JTSImageInfo.m; sourceTree = "<group>"; };
		074392BC1BA4EE4500203A91 /* JTSImageViewController.h */ = {isa = PBXFileReference; fileEncoding = 4; lastKnownFileType = sourcecode.c.h; name = JTSImageViewController.h; path = ../../JTSImageViewController/Source/JTSImageViewController.h; sourceTree = "<group>"; };
		074392BD1BA4EE4500203A91 /* JTSImageViewController.m */ = {isa = PBXFileReference; fileEncoding = 4; lastKnownFileType = sourcecode.c.objc; name = JTSImageViewController.m; path = ../../JTSImageViewController/Source/JTSImageViewController.m; sourceTree = "<group>"; };
		074392BE1BA4EE4500203A91 /* JTSSimpleImageDownloader.h */ = {isa = PBXFileReference; fileEncoding = 4; lastKnownFileType = sourcecode.c.h; name = JTSSimpleImageDownloader.h; path = ../../JTSImageViewController/Source/JTSSimpleImageDownloader.h; sourceTree = "<group>"; };
		074392BF1BA4EE4500203A91 /* JTSSimpleImageDownloader.m */ = {isa = PBXFileReference; fileEncoding = 4; lastKnownFileType = sourcecode.c.objc; name = JTSSimpleImageDownloader.m; path = ../../JTSImageViewController/Source/JTSSimpleImageDownloader.m; sourceTree = "<group>"; };
		074392C01BA4EE4500203A91 /* UIApplication+JTSImageViewController.h */ = {isa = PBXFileReference; fileEncoding = 4; lastKnownFileType = sourcecode.c.h; name = "UIApplication+JTSImageViewController.h"; path = "../../JTSImageViewController/Source/UIApplication+JTSImageViewController.h"; sourceTree = "<group>"; };
		074392C11BA4EE4500203A91 /* UIApplication+JTSImageViewController.m */ = {isa = PBXFileReference; fileEncoding = 4; lastKnownFileType = sourcecode.c.objc; name = "UIApplication+JTSImageViewController.m"; path = "../../JTSImageViewController/Source/UIApplication+JTSImageViewController.m"; sourceTree = "<group>"; };
		074392C21BA4EE4500203A91 /* UIImage+JTSImageEffects.h */ = {isa = PBXFileReference; fileEncoding = 4; lastKnownFileType = sourcecode.c.h; name = "UIImage+JTSImageEffects.h"; path = "../../JTSImageViewController/Source/UIImage+JTSImageEffects.h"; sourceTree = "<group>"; };
		074392C31BA4EE4500203A91 /* UIImage+JTSImageEffects.m */ = {isa = PBXFileReference; fileEncoding = 4; lastKnownFileType = sourcecode.c.objc; name = "UIImage+JTSImageEffects.m"; path = "../../JTSImageViewController/Source/UIImage+JTSImageEffects.m"; sourceTree = "<group>"; };
		074392CB1BA4FBF800203A91 /* imagesViewController2.h */ = {isa = PBXFileReference; fileEncoding = 4; lastKnownFileType = sourcecode.c.h; path = imagesViewController2.h; sourceTree = "<group>"; };
		074392CC1BA4FBF800203A91 /* imagesViewController2.m */ = {isa = PBXFileReference; fileEncoding = 4; lastKnownFileType = sourcecode.c.objc; path = imagesViewController2.m; sourceTree = "<group>"; };
		074392FD1BA528D700203A91 /* home.png */ = {isa = PBXFileReference; lastKnownFileType = image.png; name = home.png; path = Images.xcassets/home.png; sourceTree = "<group>"; };
		074392FF1BA529EA00203A91 /* Messageme.png */ = {isa = PBXFileReference; lastKnownFileType = image.png; name = Messageme.png; path = Images.xcassets/Messageme.png; sourceTree = "<group>"; };
		074393011BA52F3600203A91 /* messageViewController.h */ = {isa = PBXFileReference; fileEncoding = 4; lastKnownFileType = sourcecode.c.h; path = messageViewController.h; sourceTree = "<group>"; };
		074393021BA52F3600203A91 /* messageViewController.m */ = {isa = PBXFileReference; fileEncoding = 4; lastKnownFileType = sourcecode.c.objc; path = messageViewController.m; sourceTree = "<group>"; };
		074393041BA5317100203A91 /* Pizza.png */ = {isa = PBXFileReference; lastKnownFileType = image.png; name = Pizza.png; path = Images.xcassets/Pizza.png; sourceTree = "<group>"; };
		074393061BA5321100203A91 /* Dumpling.png */ = {isa = PBXFileReference; lastKnownFileType = image.png; name = Dumpling.png; path = Images.xcassets/Dumpling.png; sourceTree = "<group>"; };
		074393071BA5321100203A91 /* Generaltso.png */ = {isa = PBXFileReference; lastKnownFileType = image.png; name = Generaltso.png; path = Images.xcassets/Generaltso.png; sourceTree = "<group>"; };
		074393081BA5321100203A91 /* mapotofu.png */ = {isa = PBXFileReference; lastKnownFileType = image.png; name = mapotofu.png; path = Images.xcassets/mapotofu.png; sourceTree = "<group>"; };
		0743930C1BA5334700203A91 /* chickenalone.png */ = {isa = PBXFileReference; lastKnownFileType = image.png; name = chickenalone.png; path = Images.xcassets/chickenalone.png; sourceTree = "<group>"; };
		0743930D1BA5334700203A91 /* pizzaalone.png */ = {isa = PBXFileReference; lastKnownFileType = image.png; name = pizzaalone.png; path = Images.xcassets/pizzaalone.png; sourceTree = "<group>"; };
		0743930E1BA5334700203A91 /* tofualone.png */ = {isa = PBXFileReference; lastKnownFileType = image.png; name = tofualone.png; path = Images.xcassets/tofualone.png; sourceTree = "<group>"; };
		074393121BA5336E00203A91 /* dumplingalone.png */ = {isa = PBXFileReference; lastKnownFileType = image.png; name = dumplingalone.png; path = Images.xcassets/dumplingalone.png; sourceTree = "<group>"; };
		074393141BA5342D00203A91 /* greenoval.png */ = {isa = PBXFileReference; lastKnownFileType = image.png; name = greenoval.png; path = Images.xcassets/greenoval.png; sourceTree = "<group>"; };
		074393151BA5342D00203A91 /* redoval.png */ = {isa = PBXFileReference; lastKnownFileType = image.png; name = redoval.png; path = Images.xcassets/redoval.png; sourceTree = "<group>"; };
		074393181BA534C900203A91 /* foodViewController.h */ = {isa = PBXFileReference; fileEncoding = 4; lastKnownFileType = sourcecode.c.h; path = foodViewController.h; sourceTree = "<group>"; };
		074393191BA534C900203A91 /* foodViewController.m */ = {isa = PBXFileReference; fileEncoding = 4; lastKnownFileType = sourcecode.c.objc; path = foodViewController.m; sourceTree = "<group>"; };
		0743931F1BA5358800203A91 /* chooseFoodViewController.h */ = {isa = PBXFileReference; fileEncoding = 4; lastKnownFileType = sourcecode.c.h; name = chooseFoodViewController.h; path = ../chooseFoodViewController.h; sourceTree = "<group>"; };
		074393201BA5358800203A91 /* chooseFoodViewController.m */ = {isa = PBXFileReference; fileEncoding = 4; lastKnownFileType = sourcecode.c.objc; name = chooseFoodViewController.m; path = ../chooseFoodViewController.m; sourceTree = "<group>"; };
		074393221BA5379E00203A91 /* Grace.png */ = {isa = PBXFileReference; lastKnownFileType = image.png; name = Grace.png; path = Images.xcassets/Grace.png; sourceTree = "<group>"; };
		074393241BA537BA00203A91 /* maidLandingPageViewController.h */ = {isa = PBXFileReference; fileEncoding = 4; lastKnownFileType = sourcecode.c.h; path = maidLandingPageViewController.h; sourceTree = "<group>"; };
		074393251BA537BA00203A91 /* maidLandingPageViewController.m */ = {isa = PBXFileReference; fileEncoding = 4; lastKnownFileType = sourcecode.c.objc; path = maidLandingPageViewController.m; sourceTree = "<group>"; };
		074393281BA5382D00203A91 /* Rectangle 257.png */ = {isa = PBXFileReference; lastKnownFileType = image.png; name = "Rectangle 257.png"; path = "Images.xcassets/Rectangle 257.png"; sourceTree = "<group>"; };
		0743932A1BA5449A00203A91 /* orderConfirmedViewController.h */ = {isa = PBXFileReference; fileEncoding = 4; lastKnownFileType = sourcecode.c.h; path = orderConfirmedViewController.h; sourceTree = "<group>"; };
		0743932B1BA5449A00203A91 /* orderConfirmedViewController.m */ = {isa = PBXFileReference; fileEncoding = 4; lastKnownFileType = sourcecode.c.objc; path = orderConfirmedViewController.m; sourceTree = "<group>"; };
		076D1B3B1BA3D25300415FF3 /* Jerry!.app */ = {isa = PBXFileReference; explicitFileType = wrapper.application; includeInIndex = 0; path = "Jerry!.app"; sourceTree = BUILT_PRODUCTS_DIR; };
		076D1B3F1BA3D25300415FF3 /* Info.plist */ = {isa = PBXFileReference; lastKnownFileType = text.plist.xml; path = Info.plist; sourceTree = "<group>"; };
		076D1B401BA3D25300415FF3 /* main.m */ = {isa = PBXFileReference; lastKnownFileType = sourcecode.c.objc; path = main.m; sourceTree = "<group>"; };
		076D1B421BA3D25300415FF3 /* AppDelegate.h */ = {isa = PBXFileReference; lastKnownFileType = sourcecode.c.h; path = AppDelegate.h; sourceTree = "<group>"; };
		076D1B431BA3D25300415FF3 /* AppDelegate.m */ = {isa = PBXFileReference; lastKnownFileType = sourcecode.c.objc; path = AppDelegate.m; sourceTree = "<group>"; };
		076D1B451BA3D25300415FF3 /* ViewController.h */ = {isa = PBXFileReference; lastKnownFileType = sourcecode.c.h; path = ViewController.h; sourceTree = "<group>"; };
		076D1B461BA3D25300415FF3 /* ViewController.m */ = {isa = PBXFileReference; lastKnownFileType = sourcecode.c.objc; path = ViewController.m; sourceTree = "<group>"; };
		076D1B491BA3D25300415FF3 /* Base */ = {isa = PBXFileReference; lastKnownFileType = file.storyboard; name = Base; path = Base.lproj/Main.storyboard; sourceTree = "<group>"; };
		076D1B4B1BA3D25300415FF3 /* Images.xcassets */ = {isa = PBXFileReference; lastKnownFileType = folder.assetcatalog; path = Images.xcassets; sourceTree = "<group>"; };
		076D1B4E1BA3D25300415FF3 /* Base */ = {isa = PBXFileReference; lastKnownFileType = file.xib; name = Base; path = Base.lproj/LaunchScreen.xib; sourceTree = "<group>"; };
		076D1B541BA3D25300415FF3 /* Jerry!Tests.xctest */ = {isa = PBXFileReference; explicitFileType = wrapper.cfbundle; includeInIndex = 0; path = "Jerry!Tests.xctest"; sourceTree = BUILT_PRODUCTS_DIR; };
		076D1B591BA3D25300415FF3 /* Info.plist */ = {isa = PBXFileReference; lastKnownFileType = text.plist.xml; path = Info.plist; sourceTree = "<group>"; };
		076D1B5A1BA3D25300415FF3 /* Jerry_Tests.m */ = {isa = PBXFileReference; lastKnownFileType = sourcecode.c.objc; path = Jerry_Tests.m; sourceTree = "<group>"; };
		AFDC68AAE4DE1476F634340F /* Pods.release.xcconfig */ = {isa = PBXFileReference; includeInIndex = 1; lastKnownFileType = text.xcconfig; name = Pods.release.xcconfig; path = "Pods/Target Support Files/Pods/Pods.release.xcconfig"; sourceTree = "<group>"; };
		DC73D8A86DFD4AE7218C4A73 /* libPods.a */ = {isa = PBXFileReference; explicitFileType = archive.ar; includeInIndex = 0; path = libPods.a; sourceTree = BUILT_PRODUCTS_DIR; };
/* End PBXFileReference section */

/* Begin PBXFrameworksBuildPhase section */
		076D1B381BA3D25300415FF3 /* Frameworks */ = {
			isa = PBXFrameworksBuildPhase;
			buildActionMask = 2147483647;
			files = (
				0743928A1BA3F7F100203A91 /* SystemConfiguration.framework in Frameworks */,
				074392881BA3F7E700203A91 /* Security.framework in Frameworks */,
				4E97FF2C4688AECD3628A065 /* libPods.a in Frameworks */,
			);
			runOnlyForDeploymentPostprocessing = 0;
		};
		076D1B511BA3D25300415FF3 /* Frameworks */ = {
			isa = PBXFrameworksBuildPhase;
			buildActionMask = 2147483647;
			files = (
			);
			runOnlyForDeploymentPostprocessing = 0;
		};
/* End PBXFrameworksBuildPhase section */

/* Begin PBXGroup section */
		074392CA1BA4EE4C00203A91 /* JTSImageViewController */ = {
			isa = PBXGroup;
			children = (
				074392B81BA4EE4500203A91 /* JTSAnimatedGIFUtility.h */,
				074392B91BA4EE4500203A91 /* JTSAnimatedGIFUtility.m */,
				074392BA1BA4EE4500203A91 /* JTSImageInfo.h */,
				074392BB1BA4EE4500203A91 /* JTSImageInfo.m */,
				074392BC1BA4EE4500203A91 /* JTSImageViewController.h */,
				074392BD1BA4EE4500203A91 /* JTSImageViewController.m */,
				074392BE1BA4EE4500203A91 /* JTSSimpleImageDownloader.h */,
				074392BF1BA4EE4500203A91 /* JTSSimpleImageDownloader.m */,
				074392C01BA4EE4500203A91 /* UIApplication+JTSImageViewController.h */,
				074392C11BA4EE4500203A91 /* UIApplication+JTSImageViewController.m */,
				074392C21BA4EE4500203A91 /* UIImage+JTSImageEffects.h */,
				074392C31BA4EE4500203A91 /* UIImage+JTSImageEffects.m */,
			);
			name = JTSImageViewController;
			sourceTree = "<group>";
		};
		074392CE1BA4FF4600203A91 /* Contact */ = {
			isa = PBXGroup;
			children = (
				074392A11BA3FFCF00203A91 /* contactViewController.h */,
				074392A21BA3FFCF00203A91 /* contactViewController.m */,
				074393011BA52F3600203A91 /* messageViewController.h */,
				074393021BA52F3600203A91 /* messageViewController.m */,
				074392AD1BA4C16500203A91 /* contactPageViewController.h */,
				074392AE1BA4C16500203A91 /* contactPageViewController.m */,
			);
			name = Contact;
			sourceTree = "<group>";
		};
		074392CF1BA4FF7200203A91 /* Landing Page */ = {
			isa = PBXGroup;
			children = (
				076D1B451BA3D25300415FF3 /* ViewController.h */,
				076D1B461BA3D25300415FF3 /* ViewController.m */,
			);
			name = "Landing Page";
			sourceTree = "<group>";
		};
		0743931E1BA5356B00203A91 /* Food */ = {
			isa = PBXGroup;
			children = (
				074393181BA534C900203A91 /* foodViewController.h */,
				074393191BA534C900203A91 /* foodViewController.m */,
				0743932A1BA5449A00203A91 /* orderConfirmedViewController.h */,
				0743932B1BA5449A00203A91 /* orderConfirmedViewController.m */,
				0743931F1BA5358800203A91 /* chooseFoodViewController.h */,
				074393201BA5358800203A91 /* chooseFoodViewController.m */,
			);
			name = Food;
			sourceTree = "<group>";
		};
		074393271BA537D700203A91 /* Maid Service */ = {
			isa = PBXGroup;
			children = (
				074393241BA537BA00203A91 /* maidLandingPageViewController.h */,
				074393251BA537BA00203A91 /* maidLandingPageViewController.m */,
			);
			name = "Maid Service";
			sourceTree = "<group>";
		};
		076D1B321BA3D25300415FF3 = {
			isa = PBXGroup;
			children = (
				076D1B3D1BA3D25300415FF3 /* Jerry! */,
				076D1B571BA3D25300415FF3 /* Jerry!Tests */,
				076D1B3C1BA3D25300415FF3 /* Products */,
				E7625A4FCE1DB86FCC7AB9FE /* Pods */,
				CE5612D01EA0312F108765A3 /* Frameworks */,
			);
			sourceTree = "<group>";
		};
		076D1B3C1BA3D25300415FF3 /* Products */ = {
			isa = PBXGroup;
			children = (
				076D1B3B1BA3D25300415FF3 /* Jerry!.app */,
				076D1B541BA3D25300415FF3 /* Jerry!Tests.xctest */,
			);
			name = Products;
			sourceTree = "<group>";
		};
		076D1B3D1BA3D25300415FF3 /* Jerry! */ = {
			isa = PBXGroup;
			children = (
				074392CA1BA4EE4C00203A91 /* JTSImageViewController */,
				076D1B421BA3D25300415FF3 /* AppDelegate.h */,
				076D1B431BA3D25300415FF3 /* AppDelegate.m */,
				074392CE1BA4FF4600203A91 /* Contact */,
				074392CF1BA4FF7200203A91 /* Landing Page */,
				076D1B481BA3D25300415FF3 /* Main.storyboard */,
				074393271BA537D700203A91 /* Maid Service */,
				0743931E1BA5356B00203A91 /* Food */,
				074392CB1BA4FBF800203A91 /* imagesViewController2.h */,
				074392CC1BA4FBF800203A91 /* imagesViewController2.m */,
				076D1B4B1BA3D25300415FF3 /* Images.xcassets */,
				076D1B4D1BA3D25300415FF3 /* LaunchScreen.xib */,
				076D1B3E1BA3D25300415FF3 /* Supporting Files */,
			);
			path = "Jerry!";
			sourceTree = "<group>";
		};
		076D1B3E1BA3D25300415FF3 /* Supporting Files */ = {
			isa = PBXGroup;
			children = (
				074393281BA5382D00203A91 /* Rectangle 257.png */,
				074393221BA5379E00203A91 /* Grace.png */,
				074393141BA5342D00203A91 /* greenoval.png */,
				074393151BA5342D00203A91 /* redoval.png */,
				074393121BA5336E00203A91 /* dumplingalone.png */,
				0743930C1BA5334700203A91 /* chickenalone.png */,
				0743930D1BA5334700203A91 /* pizzaalone.png */,
				0743930E1BA5334700203A91 /* tofualone.png */,
				074392FF1BA529EA00203A91 /* Messageme.png */,
				074393061BA5321100203A91 /* Dumpling.png */,
				074393071BA5321100203A91 /* Generaltso.png */,
				074393081BA5321100203A91 /* mapotofu.png */,
				074392FD1BA528D700203A91 /* home.png */,
				074393041BA5317100203A91 /* Pizza.png */,
				076D1B3F1BA3D25300415FF3 /* Info.plist */,
				076D1B401BA3D25300415FF3 /* main.m */,
			);
			name = "Supporting Files";
			sourceTree = "<group>";
		};
		076D1B571BA3D25300415FF3 /* Jerry!Tests */ = {
			isa = PBXGroup;
			children = (
				076D1B5A1BA3D25300415FF3 /* Jerry_Tests.m */,
				076D1B581BA3D25300415FF3 /* Supporting Files */,
			);
			path = "Jerry!Tests";
			sourceTree = "<group>";
		};
		076D1B581BA3D25300415FF3 /* Supporting Files */ = {
			isa = PBXGroup;
			children = (
				076D1B591BA3D25300415FF3 /* Info.plist */,
			);
			name = "Supporting Files";
			sourceTree = "<group>";
		};
		CE5612D01EA0312F108765A3 /* Frameworks */ = {
			isa = PBXGroup;
			children = (
				074392891BA3F7F100203A91 /* SystemConfiguration.framework */,
				074392871BA3F7E700203A91 /* Security.framework */,
				DC73D8A86DFD4AE7218C4A73 /* libPods.a */,
			);
			name = Frameworks;
			sourceTree = "<group>";
		};
		E7625A4FCE1DB86FCC7AB9FE /* Pods */ = {
			isa = PBXGroup;
			children = (
				0134D66E3F91D895CAEB930C /* Pods.debug.xcconfig */,
				AFDC68AAE4DE1476F634340F /* Pods.release.xcconfig */,
			);
			name = Pods;
			sourceTree = "<group>";
		};
/* End PBXGroup section */

/* Begin PBXNativeTarget section */
		076D1B3A1BA3D25300415FF3 /* Jerry! */ = {
			isa = PBXNativeTarget;
			buildConfigurationList = 076D1B5E1BA3D25300415FF3 /* Build configuration list for PBXNativeTarget "Jerry!" */;
			buildPhases = (
				2C790EF0F3565F576F8E127F /* Check Pods Manifest.lock */,
				076D1B371BA3D25300415FF3 /* Sources */,
				076D1B381BA3D25300415FF3 /* Frameworks */,
				076D1B391BA3D25300415FF3 /* Resources */,
				5D86789CA149F7ACF475373B /* Copy Pods Resources */,
			);
			buildRules = (
			);
			dependencies = (
			);
			name = "Jerry!";
			productName = "Jerry!";
			productReference = 076D1B3B1BA3D25300415FF3 /* Jerry!.app */;
			productType = "com.apple.product-type.application";
		};
		076D1B531BA3D25300415FF3 /* Jerry!Tests */ = {
			isa = PBXNativeTarget;
			buildConfigurationList = 076D1B611BA3D25300415FF3 /* Build configuration list for PBXNativeTarget "Jerry!Tests" */;
			buildPhases = (
				076D1B501BA3D25300415FF3 /* Sources */,
				076D1B511BA3D25300415FF3 /* Frameworks */,
				076D1B521BA3D25300415FF3 /* Resources */,
			);
			buildRules = (
			);
			dependencies = (
				076D1B561BA3D25300415FF3 /* PBXTargetDependency */,
			);
			name = "Jerry!Tests";
			productName = "Jerry!Tests";
			productReference = 076D1B541BA3D25300415FF3 /* Jerry!Tests.xctest */;
			productType = "com.apple.product-type.bundle.unit-test";
		};
/* End PBXNativeTarget section */

/* Begin PBXProject section */
		076D1B331BA3D25300415FF3 /* Project object */ = {
			isa = PBXProject;
			attributes = {
				LastUpgradeCheck = 0640;
				ORGANIZATIONNAME = AAEAA;
				TargetAttributes = {
					076D1B3A1BA3D25300415FF3 = {
						CreatedOnToolsVersion = 6.4;
						DevelopmentTeam = 8K49CS2YDY;
					};
					076D1B531BA3D25300415FF3 = {
						CreatedOnToolsVersion = 6.4;
						TestTargetID = 076D1B3A1BA3D25300415FF3;
					};
				};
			};
			buildConfigurationList = 076D1B361BA3D25300415FF3 /* Build configuration list for PBXProject "Jerry!" */;
			compatibilityVersion = "Xcode 3.2";
			developmentRegion = English;
			hasScannedForEncodings = 0;
			knownRegions = (
				en,
				Base,
			);
			mainGroup = 076D1B321BA3D25300415FF3;
			productRefGroup = 076D1B3C1BA3D25300415FF3 /* Products */;
			projectDirPath = "";
			projectRoot = "";
			targets = (
				076D1B3A1BA3D25300415FF3 /* Jerry! */,
				076D1B531BA3D25300415FF3 /* Jerry!Tests */,
			);
		};
/* End PBXProject section */

/* Begin PBXResourcesBuildPhase section */
		076D1B391BA3D25300415FF3 /* Resources */ = {
			isa = PBXResourcesBuildPhase;
			buildActionMask = 2147483647;
			files = (
				074393291BA5382D00203A91 /* Rectangle 257.png in Resources */,
				074393051BA5317100203A91 /* Pizza.png in Resources */,
				074393161BA5342D00203A91 /* greenoval.png in Resources */,
				074392FE1BA528D700203A91 /* home.png in Resources */,
				074393171BA5342D00203A91 /* redoval.png in Resources */,
				074393001BA529EA00203A91 /* Messageme.png in Resources */,
				074393101BA5334700203A91 /* pizzaalone.png in Resources */,
				074393091BA5321100203A91 /* Dumpling.png in Resources */,
				074393111BA5334700203A91 /* tofualone.png in Resources */,
				076D1B4A1BA3D25300415FF3 /* Main.storyboard in Resources */,
				0743930A1BA5321100203A91 /* Generaltso.png in Resources */,
				074393131BA5336E00203A91 /* dumplingalone.png in Resources */,
				0743930B1BA5321100203A91 /* mapotofu.png in Resources */,
				076D1B4F1BA3D25300415FF3 /* LaunchScreen.xib in Resources */,
				076D1B4C1BA3D25300415FF3 /* Images.xcassets in Resources */,
				074393231BA5379E00203A91 /* Grace.png in Resources */,
				0743930F1BA5334700203A91 /* chickenalone.png in Resources */,
			);
			runOnlyForDeploymentPostprocessing = 0;
		};
		076D1B521BA3D25300415FF3 /* Resources */ = {
			isa = PBXResourcesBuildPhase;
			buildActionMask = 2147483647;
			files = (
			);
			runOnlyForDeploymentPostprocessing = 0;
		};
/* End PBXResourcesBuildPhase section */

/* Begin PBXShellScriptBuildPhase section */
		2C790EF0F3565F576F8E127F /* Check Pods Manifest.lock */ = {
			isa = PBXShellScriptBuildPhase;
			buildActionMask = 2147483647;
			files = (
			);
			inputPaths = (
			);
			name = "Check Pods Manifest.lock";
			outputPaths = (
			);
			runOnlyForDeploymentPostprocessing = 0;
			shellPath = /bin/sh;
			shellScript = "diff \"${PODS_ROOT}/../Podfile.lock\" \"${PODS_ROOT}/Manifest.lock\" > /dev/null\nif [[ $? != 0 ]] ; then\n    cat << EOM\nerror: The sandbox is not in sync with the Podfile.lock. Run 'pod install' or update your CocoaPods installation.\nEOM\n    exit 1\nfi\n";
			showEnvVarsInLog = 0;
		};
		5D86789CA149F7ACF475373B /* Copy Pods Resources */ = {
			isa = PBXShellScriptBuildPhase;
			buildActionMask = 2147483647;
			files = (
			);
			inputPaths = (
			);
			name = "Copy Pods Resources";
			outputPaths = (
			);
			runOnlyForDeploymentPostprocessing = 0;
			shellPath = /bin/sh;
			shellScript = "\"${SRCROOT}/Pods/Target Support Files/Pods/Pods-resources.sh\"\n";
			showEnvVarsInLog = 0;
		};
/* End PBXShellScriptBuildPhase section */

/* Begin PBXSourcesBuildPhase section */
		076D1B371BA3D25300415FF3 /* Sources */ = {
			isa = PBXSourcesBuildPhase;
			buildActionMask = 2147483647;
			files = (
				076D1B471BA3D25300415FF3 /* ViewController.m in Sources */,
				074393031BA52F3600203A91 /* messageViewController.m in Sources */,
				074392C51BA4EE4500203A91 /* JTSImageInfo.m in Sources */,
				074392A31BA3FFCF00203A91 /* contactViewController.m in Sources */,
				076D1B441BA3D25300415FF3 /* AppDelegate.m in Sources */,
				074392CD1BA4FBF800203A91 /* imagesViewController2.m in Sources */,
				076D1B411BA3D25300415FF3 /* main.m in Sources */,
				074392C61BA4EE4500203A91 /* JTSImageViewController.m in Sources */,
				0743931A1BA534C900203A91 /* foodViewController.m in Sources */,
				074392C41BA4EE4500203A91 /* JTSAnimatedGIFUtility.m in Sources */,
				074392C91BA4EE4500203A91 /* UIImage+JTSImageEffects.m in Sources */,
				074393211BA5358800203A91 /* chooseFoodViewController.m in Sources */,
				074392C71BA4EE4500203A91 /* JTSSimpleImageDownloader.m in Sources */,
				074392AF1BA4C16500203A91 /* contactPageViewController.m in Sources */,
				074393261BA537BA00203A91 /* maidLandingPageViewController.m in Sources */,
				074392C81BA4EE4500203A91 /* UIApplication+JTSImageViewController.m in Sources */,
				0743932C1BA5449A00203A91 /* orderConfirmedViewController.m in Sources */,
			);
			runOnlyForDeploymentPostprocessing = 0;
		};
		076D1B501BA3D25300415FF3 /* Sources */ = {
			isa = PBXSourcesBuildPhase;
			buildActionMask = 2147483647;
			files = (
				076D1B5B1BA3D25300415FF3 /* Jerry_Tests.m in Sources */,
			);
			runOnlyForDeploymentPostprocessing = 0;
		};
/* End PBXSourcesBuildPhase section */

/* Begin PBXTargetDependency section */
		076D1B561BA3D25300415FF3 /* PBXTargetDependency */ = {
			isa = PBXTargetDependency;
			target = 076D1B3A1BA3D25300415FF3 /* Jerry! */;
			targetProxy = 076D1B551BA3D25300415FF3 /* PBXContainerItemProxy */;
		};
/* End PBXTargetDependency section */

/* Begin PBXVariantGroup section */
		076D1B481BA3D25300415FF3 /* Main.storyboard */ = {
			isa = PBXVariantGroup;
			children = (
				076D1B491BA3D25300415FF3 /* Base */,
			);
			name = Main.storyboard;
			sourceTree = "<group>";
		};
		076D1B4D1BA3D25300415FF3 /* LaunchScreen.xib */ = {
			isa = PBXVariantGroup;
			children = (
				076D1B4E1BA3D25300415FF3 /* Base */,
			);
			name = LaunchScreen.xib;
			sourceTree = "<group>";
		};
/* End PBXVariantGroup section */

/* Begin XCBuildConfiguration section */
		076D1B5C1BA3D25300415FF3 /* Debug */ = {
			isa = XCBuildConfiguration;
			buildSettings = {
				ALWAYS_SEARCH_USER_PATHS = NO;
				CLANG_CXX_LANGUAGE_STANDARD = "gnu++0x";
				CLANG_CXX_LIBRARY = "libc++";
				CLANG_ENABLE_MODULES = YES;
				CLANG_ENABLE_OBJC_ARC = YES;
				CLANG_WARN_BOOL_CONVERSION = YES;
				CLANG_WARN_CONSTANT_CONVERSION = YES;
				CLANG_WARN_DIRECT_OBJC_ISA_USAGE = YES_ERROR;
				CLANG_WARN_EMPTY_BODY = YES;
				CLANG_WARN_ENUM_CONVERSION = YES;
				CLANG_WARN_INT_CONVERSION = YES;
				CLANG_WARN_OBJC_ROOT_CLASS = YES_ERROR;
				CLANG_WARN_UNREACHABLE_CODE = YES;
				CLANG_WARN__DUPLICATE_METHOD_MATCH = YES;
				"CODE_SIGN_IDENTITY[sdk=iphoneos*]" = "iPhone Developer";
				COPY_PHASE_STRIP = NO;
				DEBUG_INFORMATION_FORMAT = "dwarf-with-dsym";
				ENABLE_STRICT_OBJC_MSGSEND = YES;
				GCC_C_LANGUAGE_STANDARD = gnu99;
				GCC_DYNAMIC_NO_PIC = NO;
				GCC_NO_COMMON_BLOCKS = YES;
				GCC_OPTIMIZATION_LEVEL = 0;
				GCC_PREPROCESSOR_DEFINITIONS = (
					"DEBUG=1",
					"$(inherited)",
				);
				GCC_SYMBOLS_PRIVATE_EXTERN = NO;
				GCC_WARN_64_TO_32_BIT_CONVERSION = YES;
				GCC_WARN_ABOUT_RETURN_TYPE = YES_ERROR;
				GCC_WARN_UNDECLARED_SELECTOR = YES;
				GCC_WARN_UNINITIALIZED_AUTOS = YES_AGGRESSIVE;
				GCC_WARN_UNUSED_FUNCTION = YES;
				GCC_WARN_UNUSED_VARIABLE = YES;
				IPHONEOS_DEPLOYMENT_TARGET = 8.4;
				MTL_ENABLE_DEBUG_INFO = YES;
				ONLY_ACTIVE_ARCH = YES;
				SDKROOT = iphoneos;
				TARGETED_DEVICE_FAMILY = "1,2";
			};
			name = Debug;
		};
		076D1B5D1BA3D25300415FF3 /* Release */ = {
			isa = XCBuildConfiguration;
			buildSettings = {
				ALWAYS_SEARCH_USER_PATHS = NO;
				CLANG_CXX_LANGUAGE_STANDARD = "gnu++0x";
				CLANG_CXX_LIBRARY = "libc++";
				CLANG_ENABLE_MODULES = YES;
				CLANG_ENABLE_OBJC_ARC = YES;
				CLANG_WARN_BOOL_CONVERSION = YES;
				CLANG_WARN_CONSTANT_CONVERSION = YES;
				CLANG_WARN_DIRECT_OBJC_ISA_USAGE = YES_ERROR;
				CLANG_WARN_EMPTY_BODY = YES;
				CLANG_WARN_ENUM_CONVERSION = YES;
				CLANG_WARN_INT_CONVERSION = YES;
				CLANG_WARN_OBJC_ROOT_CLASS = YES_ERROR;
				CLANG_WARN_UNREACHABLE_CODE = YES;
				CLANG_WARN__DUPLICATE_METHOD_MATCH = YES;
				"CODE_SIGN_IDENTITY[sdk=iphoneos*]" = "iPhone Developer";
				COPY_PHASE_STRIP = NO;
				DEBUG_INFORMATION_FORMAT = "dwarf-with-dsym";
				ENABLE_NS_ASSERTIONS = NO;
				ENABLE_STRICT_OBJC_MSGSEND = YES;
				GCC_C_LANGUAGE_STANDARD = gnu99;
				GCC_NO_COMMON_BLOCKS = YES;
				GCC_WARN_64_TO_32_BIT_CONVERSION = YES;
				GCC_WARN_ABOUT_RETURN_TYPE = YES_ERROR;
				GCC_WARN_UNDECLARED_SELECTOR = YES;
				GCC_WARN_UNINITIALIZED_AUTOS = YES_AGGRESSIVE;
				GCC_WARN_UNUSED_FUNCTION = YES;
				GCC_WARN_UNUSED_VARIABLE = YES;
				IPHONEOS_DEPLOYMENT_TARGET = 8.4;
				MTL_ENABLE_DEBUG_INFO = NO;
				SDKROOT = iphoneos;
				TARGETED_DEVICE_FAMILY = "1,2";
				VALIDATE_PRODUCT = YES;
			};
			name = Release;
		};
		076D1B5F1BA3D25300415FF3 /* Debug */ = {
			isa = XCBuildConfiguration;
			baseConfigurationReference = 0134D66E3F91D895CAEB930C /* Pods.debug.xcconfig */;
			buildSettings = {
				ASSETCATALOG_COMPILER_APPICON_NAME = AppIcon;
				CLANG_ENABLE_MODULES = YES;
				CODE_SIGN_IDENTITY = "iPhone Developer";
				"CODE_SIGN_IDENTITY[sdk=iphoneos*]" = "iPhone Developer";
				INFOPLIST_FILE = "Jerry!/Info.plist";
				IPHONEOS_DEPLOYMENT_TARGET = 8.1;
				LD_RUNPATH_SEARCH_PATHS = "$(inherited) @executable_path/Frameworks";
				PRODUCT_NAME = "$(TARGET_NAME)";
				PROVISIONING_PROFILE = "";
				SWIFT_OBJC_BRIDGING_HEADER = "Jerry!/Jerry!-Bridging-Header.h";
				SWIFT_OPTIMIZATION_LEVEL = "-Onone";
			};
			name = Debug;
		};
		076D1B601BA3D25300415FF3 /* Release */ = {
			isa = XCBuildConfiguration;
			baseConfigurationReference = AFDC68AAE4DE1476F634340F /* Pods.release.xcconfig */;
			buildSettings = {
				ASSETCATALOG_COMPILER_APPICON_NAME = AppIcon;
				CLANG_ENABLE_MODULES = YES;
				CODE_SIGN_IDENTITY = "iPhone Developer";
				"CODE_SIGN_IDENTITY[sdk=iphoneos*]" = "iPhone Developer";
				INFOPLIST_FILE = "Jerry!/Info.plist";
				IPHONEOS_DEPLOYMENT_TARGET = 8.1;
				LD_RUNPATH_SEARCH_PATHS = "$(inherited) @executable_path/Frameworks";
				PRODUCT_NAME = "$(TARGET_NAME)";
				PROVISIONING_PROFILE = "";
				SWIFT_OBJC_BRIDGING_HEADER = "Jerry!/Jerry!-Bridging-Header.h";
			};
			name = Release;
		};
		076D1B621BA3D25300415FF3 /* Debug */ = {
			isa = XCBuildConfiguration;
			buildSettings = {
				BUNDLE_LOADER = "$(TEST_HOST)";
				FRAMEWORK_SEARCH_PATHS = (
					"$(SDKROOT)/Developer/Library/Frameworks",
					"$(inherited)",
				);
				GCC_PREPROCESSOR_DEFINITIONS = (
					"DEBUG=1",
					"$(inherited)",
				);
				INFOPLIST_FILE = "Jerry!Tests/Info.plist";
				LD_RUNPATH_SEARCH_PATHS = "$(inherited) @executable_path/Frameworks @loader_path/Frameworks";
				PRODUCT_NAME = "$(TARGET_NAME)";
				TEST_HOST = "$(BUILT_PRODUCTS_DIR)/Jerry!.app/Jerry!";
			};
			name = Debug;
		};
		076D1B631BA3D25300415FF3 /* Release */ = {
			isa = XCBuildConfiguration;
			buildSettings = {
				BUNDLE_LOADER = "$(TEST_HOST)";
				FRAMEWORK_SEARCH_PATHS = (
					"$(SDKROOT)/Developer/Library/Frameworks",
					"$(inherited)",
				);
				INFOPLIST_FILE = "Jerry!Tests/Info.plist";
				LD_RUNPATH_SEARCH_PATHS = "$(inherited) @executable_path/Frameworks @loader_path/Frameworks";
				PRODUCT_NAME = "$(TARGET_NAME)";
				TEST_HOST = "$(BUILT_PRODUCTS_DIR)/Jerry!.app/Jerry!";
			};
			name = Release;
		};
/* End XCBuildConfiguration section */

/* Begin XCConfigurationList section */
		076D1B361BA3D25300415FF3 /* Build configuration list for PBXProject "Jerry!" */ = {
			isa = XCConfigurationList;
			buildConfigurations = (
				076D1B5C1BA3D25300415FF3 /* Debug */,
				076D1B5D1BA3D25300415FF3 /* Release */,
			);
			defaultConfigurationIsVisible = 0;
			defaultConfigurationName = Release;
		};
		076D1B5E1BA3D25300415FF3 /* Build configuration list for PBXNativeTarget "Jerry!" */ = {
			isa = XCConfigurationList;
			buildConfigurations = (
				076D1B5F1BA3D25300415FF3 /* Debug */,
				076D1B601BA3D25300415FF3 /* Release */,
			);
			defaultConfigurationIsVisible = 0;
			defaultConfigurationName = Release;
		};
		076D1B611BA3D25300415FF3 /* Build configuration list for PBXNativeTarget "Jerry!Tests" */ = {
			isa = XCConfigurationList;
			buildConfigurations = (
				076D1B621BA3D25300415FF3 /* Debug */,
				076D1B631BA3D25300415FF3 /* Release */,
			);
			defaultConfigurationIsVisible = 0;
			defaultConfigurationName = Release;
		};
/* End XCConfigurationList section */
	};
	rootObject = 076D1B331BA3D25300415FF3 /* Project object */;
}
